
Microsoft Visual Studio Solution File, Format Version 12.00
# Visual Studio 15
VisualStudioVersion = 15.0.27428.2043
MinimumVisualStudioVersion = 10.0.40219.1
Project("{FAE04EC0-301F-11D3-BF4B-00C04F79EFBC}") = "FileBroker", "FileBroker\FileBroker.csproj", "{D3002F12-BF59-4A27-96D8-1B7D19BB03CA}"
EndProject
Global
	GlobalSection(SolutionConfigurationPlatforms) = preSolution
		Debug|Any CPU = Debug|Any CPU
		Release|Any CPU = Release|Any CPU
	EndGlobalSection
	GlobalSection(ProjectConfigurationPlatforms) = postSolution
		{D3002F12-BF59-4A27-96D8-1B7D19BB03CA}.Debug|Any CPU.ActiveCfg = Debug|Any CPU
		{D3002F12-BF59-4A27-96D8-1B7D19BB03CA}.Debug|Any CPU.Build.0 = Debug|Any CPU
		{D3002F12-BF59-4A27-96D8-1B7D19BB03CA}.Release|Any CPU.ActiveCfg = Release|Any CPU
		{D3002F12-BF59-4A27-96D8-1B7D19BB03CA}.Release|Any CPU.Build.0 = Release|Any CPU
	EndGlobalSection
	GlobalSection(SolutionProperties) = preSolution
		HideSolutionNode = FALSE
	EndGlobalSection
	GlobalSection(ExtensibilityGlobals) = postSolution
		SolutionGuid = {D04E7D49-1836-4911-BD7A-0C23B7DAD29D}
	EndGlobalSection
EndGlobal
